// !$*UTF8*$!
{
	archiveVersion = 1;
	classes = {
	};
	objectVersion = 56;
	objects = {

/* Begin PBXBuildFile section */
		491A55CE2973B15C00140790 /* DilucView.swift in Sources */ = {isa = PBXBuildFile; fileRef = 491A55CD2973B15C00140790 /* DilucView.swift */; };
		493FE44F2970682F0078650A /* TradingCardApp.swift in Sources */ = {isa = PBXBuildFile; fileRef = 493FE44E2970682F0078650A /* TradingCardApp.swift */; };
		493FE4512970682F0078650A /* ContentView.swift in Sources */ = {isa = PBXBuildFile; fileRef = 493FE4502970682F0078650A /* ContentView.swift */; };
		493FE453297068310078650A /* Assets.xcassets in Resources */ = {isa = PBXBuildFile; fileRef = 493FE452297068310078650A /* Assets.xcassets */; };
		493FE456297068310078650A /* Preview Assets.xcassets in Resources */ = {isa = PBXBuildFile; fileRef = 493FE455297068310078650A /* Preview Assets.xcassets */; };
		493FE460297069420078650A /* Template.swift in Sources */ = {isa = PBXBuildFile; fileRef = 493FE45F297069420078650A /* Template.swift */; };
		493FE46229706CA30078650A /* NahidaView.swift in Sources */ = {isa = PBXBuildFile; fileRef = 493FE46129706CA30078650A /* NahidaView.swift */; };
		49FE22D12974950A00B5DD0F /* KamisatoAyakaView.swift in Sources */ = {isa = PBXBuildFile; fileRef = 49FE22D02974950A00B5DD0F /* KamisatoAyakaView.swift */; };
		49FE22D32974969F00B5DD0F /* YunJinView.swift in Sources */ = {isa = PBXBuildFile; fileRef = 49FE22D22974969E00B5DD0F /* YunJinView.swift */; };
		49FE22D5297499C300B5DD0F /* HeizouView.swift in Sources */ = {isa = PBXBuildFile; fileRef = 49FE22D4297499C300B5DD0F /* HeizouView.swift */; };
		49FE22D929749C9100B5DD0F /* KeqingView.swift in Sources */ = {isa = PBXBuildFile; fileRef = 49FE22D829749C9100B5DD0F /* KeqingView.swift */; };
/* End PBXBuildFile section */

/* Begin PBXFileReference section */
		491A55CD2973B15C00140790 /* DilucView.swift */ = {isa = PBXFileReference; lastKnownFileType = sourcecode.swift; path = DilucView.swift; sourceTree = "<group>"; };
		493FE44B2970682F0078650A /* TradingCard.app */ = {isa = PBXFileReference; explicitFileType = wrapper.application; includeInIndex = 0; path = TradingCard.app; sourceTree = BUILT_PRODUCTS_DIR; };
		493FE44E2970682F0078650A /* TradingCardApp.swift */ = {isa = PBXFileReference; lastKnownFileType = sourcecode.swift; path = TradingCardApp.swift; sourceTree = "<group>"; };
		493FE4502970682F0078650A /* ContentView.swift */ = {isa = PBXFileReference; lastKnownFileType = sourcecode.swift; path = ContentView.swift; sourceTree = "<group>"; };
		493FE452297068310078650A /* Assets.xcassets */ = {isa = PBXFileReference; lastKnownFileType = folder.assetcatalog; path = Assets.xcassets; sourceTree = "<group>"; };
		493FE455297068310078650A /* Preview Assets.xcassets */ = {isa = PBXFileReference; lastKnownFileType = folder.assetcatalog; path = "Preview Assets.xcassets"; sourceTree = "<group>"; };
		493FE45F297069420078650A /* Template.swift */ = {isa = PBXFileReference; lastKnownFileType = sourcecode.swift; path = Template.swift; sourceTree = "<group>"; };
		493FE46129706CA30078650A /* NahidaView.swift */ = {isa = PBXFileReference; lastKnownFileType = sourcecode.swift; path = NahidaView.swift; sourceTree = "<group>"; };
		49FE22D02974950A00B5DD0F /* KamisatoAyakaView.swift */ = {isa = PBXFileReference; lastKnownFileType = sourcecode.swift; path = KamisatoAyakaView.swift; sourceTree = "<group>"; };
		49FE22D22974969E00B5DD0F /* YunJinView.swift */ = {isa = PBXFileReference; lastKnownFileType = sourcecode.swift; path = YunJinView.swift; sourceTree = "<group>"; };
		49FE22D4297499C300B5DD0F /* HeizouView.swift */ = {isa = PBXFileReference; lastKnownFileType = sourcecode.swift; path = HeizouView.swift; sourceTree = "<group>"; };
		49FE22D829749C9100B5DD0F /* KeqingView.swift */ = {isa = PBXFileReference; lastKnownFileType = sourcecode.swift; path = KeqingView.swift; sourceTree = "<group>"; };
/* End PBXFileReference section */

/* Begin PBXFrameworksBuildPhase section */
		493FE4482970682F0078650A /* Frameworks */ = {
			isa = PBXFrameworksBuildPhase;
			buildActionMask = 2147483647;
			files = (
			);
			runOnlyForDeploymentPostprocessing = 0;
		};
/* End PBXFrameworksBuildPhase section */

/* Begin PBXGroup section */
		493FE4422970682F0078650A = {
			isa = PBXGroup;
			children = (
				493FE44D2970682F0078650A /* TradingCard */,
				493FE44C2970682F0078650A /* Products */,
			);
			sourceTree = "<group>";
		};
		493FE44C2970682F0078650A /* Products */ = {
			isa = PBXGroup;
			children = (
				493FE44B2970682F0078650A /* TradingCard.app */,
			);
			name = Products;
			sourceTree = "<group>";
		};
		493FE44D2970682F0078650A /* TradingCard */ = {
			isa = PBXGroup;
			children = (
				493FE44E2970682F0078650A /* TradingCardApp.swift */,
				493FE4502970682F0078650A /* ContentView.swift */,
				493FE452297068310078650A /* Assets.xcassets */,
				493FE45C297068C90078650A /* Views */,
				493FE454297068310078650A /* Preview Content */,
			);
			path = TradingCard;
			sourceTree = "<group>";
		};
		493FE454297068310078650A /* Preview Content */ = {
			isa = PBXGroup;
			children = (
				493FE455297068310078650A /* Preview Assets.xcassets */,
			);
			path = "Preview Content";
			sourceTree = "<group>";
		};
		493FE45C297068C90078650A /* Views */ = {
			isa = PBXGroup;
			children = (
				493FE45F297069420078650A /* Template.swift */,
				493FE46129706CA30078650A /* NahidaView.swift */,
				491A55CD2973B15C00140790 /* DilucView.swift */,
				49FE22D02974950A00B5DD0F /* KamisatoAyakaView.swift */,
				49FE22D829749C9100B5DD0F /* KeqingView.swift */,
				49FE22D22974969E00B5DD0F /* YunJinView.swift */,
				49FE22D4297499C300B5DD0F /* HeizouView.swift */,
			);
			path = Views;
			sourceTree = "<group>";
		};
/* End PBXGroup section */

/* Begin PBXNativeTarget section */
		493FE44A2970682F0078650A /* TradingCard */ = {
			isa = PBXNativeTarget;
			buildConfigurationList = 493FE459297068310078650A /* Build configuration list for PBXNativeTarget "TradingCard" */;
			buildPhases = (
				493FE4472970682F0078650A /* Sources */,
				493FE4482970682F0078650A /* Frameworks */,
				493FE4492970682F0078650A /* Resources */,
			);
			buildRules = (
			);
			dependencies = (
			);
			name = TradingCard;
			productName = TradingCard;
			productReference = 493FE44B2970682F0078650A /* TradingCard.app */;
			productType = "com.apple.product-type.application";
		};
/* End PBXNativeTarget section */

/* Begin PBXProject section */
		493FE4432970682F0078650A /* Project object */ = {
			isa = PBXProject;
			attributes = {
				BuildIndependentTargetsInParallel = 1;
				LastSwiftUpdateCheck = 1410;
				LastUpgradeCheck = 1410;
				TargetAttributes = {
					493FE44A2970682F0078650A = {
						CreatedOnToolsVersion = 14.1;
					};
				};
			};
			buildConfigurationList = 493FE4462970682F0078650A /* Build configuration list for PBXProject "TradingCard" */;
			compatibilityVersion = "Xcode 14.0";
			developmentRegion = en;
			hasScannedForEncodings = 0;
			knownRegions = (
				en,
				Base,
			);
			mainGroup = 493FE4422970682F0078650A;
			productRefGroup = 493FE44C2970682F0078650A /* Products */;
			projectDirPath = "";
			projectRoot = "";
			targets = (
				493FE44A2970682F0078650A /* TradingCard */,
			);
		};
/* End PBXProject section */

/* Begin PBXResourcesBuildPhase section */
		493FE4492970682F0078650A /* Resources */ = {
			isa = PBXResourcesBuildPhase;
			buildActionMask = 2147483647;
			files = (
				493FE456297068310078650A /* Preview Assets.xcassets in Resources */,
				493FE453297068310078650A /* Assets.xcassets in Resources */,
			);
			runOnlyForDeploymentPostprocessing = 0;
		};
/* End PBXResourcesBuildPhase section */

/* Begin PBXSourcesBuildPhase section */
		493FE4472970682F0078650A /* Sources */ = {
			isa = PBXSourcesBuildPhase;
			buildActionMask = 2147483647;
			files = (
				491A55CE2973B15C00140790 /* DilucView.swift in Sources */,
				493FE460297069420078650A /* Template.swift in Sources */,
				49FE22D929749C9100B5DD0F /* KeqingView.swift in Sources */,
				49FE22D5297499C300B5DD0F /* HeizouView.swift in Sources */,
				493FE4512970682F0078650A /* ContentView.swift in Sources */,
				493FE44F2970682F0078650A /* TradingCardApp.swift in Sources */,
				493FE46229706CA30078650A /* NahidaView.swift in Sources */,
				49FE22D12974950A00B5DD0F /* KamisatoAyakaView.swift in Sources */,
				49FE22D32974969F00B5DD0F /* YunJinView.swift in Sources */,
			);
			runOnlyForDeploymentPostprocessing = 0;
		};
/* End PBXSourcesBuildPhase section */

/* Begin XCBuildConfiguration section */
		493FE457297068310078650A /* Debug */ = {
			isa = XCBuildConfiguration;
			buildSettings = {
				ALWAYS_SEARCH_USER_PATHS = NO;
				CLANG_ANALYZER_NONNULL = YES;
				CLANG_ANALYZER_NUMBER_OBJECT_CONVERSION = YES_AGGRESSIVE;
				CLANG_CXX_LANGUAGE_STANDARD = "gnu++20";
				CLANG_ENABLE_MODULES = YES;
				CLANG_ENABLE_OBJC_ARC = YES;
				CLANG_ENABLE_OBJC_WEAK = YES;
				CLANG_WARN_BLOCK_CAPTURE_AUTORELEASING = YES;
				CLANG_WARN_BOOL_CONVERSION = YES;
				CLANG_WARN_COMMA = YES;
				CLANG_WARN_CONSTANT_CONVERSION = YES;
				CLANG_WARN_DEPRECATED_OBJC_IMPLEMENTATIONS = YES;
				CLANG_WARN_DIRECT_OBJC_ISA_USAGE = YES_ERROR;
				CLANG_WARN_DOCUMENTATION_COMMENTS = YES;
				CLANG_WARN_EMPTY_BODY = YES;
				CLANG_WARN_ENUM_CONVERSION = YES;
				CLANG_WARN_INFINITE_RECURSION = YES;
				CLANG_WARN_INT_CONVERSION = YES;
				CLANG_WARN_NON_LITERAL_NULL_CONVERSION = YES;
				CLANG_WARN_OBJC_IMPLICIT_RETAIN_SELF = YES;
				CLANG_WARN_OBJC_LITERAL_CONVERSION = YES;
				CLANG_WARN_OBJC_ROOT_CLASS = YES_ERROR;
				CLANG_WARN_QUOTED_INCLUDE_IN_FRAMEWORK_HEADER = YES;
				CLANG_WARN_RANGE_LOOP_ANALYSIS = YES;
				CLANG_WARN_STRICT_PROTOTYPES = YES;
				CLANG_WARN_SUSPICIOUS_MOVE = YES;
				CLANG_WARN_UNGUARDED_AVAILABILITY = YES_AGGRESSIVE;
				CLANG_WARN_UNREACHABLE_CODE = YES;
				CLANG_WARN__DUPLICATE_METHOD_MATCH = YES;
				COPY_PHASE_STRIP = NO;
				DEBUG_INFORMATION_FORMAT = dwarf;
				ENABLE_STRICT_OBJC_MSGSEND = YES;
				ENABLE_TESTABILITY = YES;
				GCC_C_LANGUAGE_STANDARD = gnu11;
				GCC_DYNAMIC_NO_PIC = NO;
				GCC_NO_COMMON_BLOCKS = YES;
				GCC_OPTIMIZATION_LEVEL = 0;
				GCC_PREPROCESSOR_DEFINITIONS = (
					"DEBUG=1",
					"$(inherited)",
				);
				GCC_WARN_64_TO_32_BIT_CONVERSION = YES;
				GCC_WARN_ABOUT_RETURN_TYPE = YES_ERROR;
				GCC_WARN_UNDECLARED_SELECTOR = YES;
				GCC_WARN_UNINITIALIZED_AUTOS = YES_AGGRESSIVE;
				GCC_WARN_UNUSED_FUNCTION = YES;
				GCC_WARN_UNUSED_VARIABLE = YES;
				IPHONEOS_DEPLOYMENT_TARGET = 16.1;
				MTL_ENABLE_DEBUG_INFO = INCLUDE_SOURCE;
				MTL_FAST_MATH = YES;
				ONLY_ACTIVE_ARCH = YES;
				SDKROOT = iphoneos;
				SWIFT_ACTIVE_COMPILATION_CONDITIONS = DEBUG;
				SWIFT_OPTIMIZATION_LEVEL = "-Onone";
			};
			name = Debug;
		};
		493FE458297068310078650A /* Release */ = {
			isa = XCBuildConfiguration;
			buildSettings = {
				ALWAYS_SEARCH_USER_PATHS = NO;
				CLANG_ANALYZER_NONNULL = YES;
				CLANG_ANALYZER_NUMBER_OBJECT_CONVERSION = YES_AGGRESSIVE;
				CLANG_CXX_LANGUAGE_STANDARD = "gnu++20";
				CLANG_ENABLE_MODULES = YES;
				CLANG_ENABLE_OBJC_ARC = YES;
				CLANG_ENABLE_OBJC_WEAK = YES;
				CLANG_WARN_BLOCK_CAPTURE_AUTORELEASING = YES;
				CLANG_WARN_BOOL_CONVERSION = YES;
				CLANG_WARN_COMMA = YES;
				CLANG_WARN_CONSTANT_CONVERSION = YES;
				CLANG_WARN_DEPRECATED_OBJC_IMPLEMENTATIONS = YES;
				CLANG_WARN_DIRECT_OBJC_ISA_USAGE = YES_ERROR;
				CLANG_WARN_DOCUMENTATION_COMMENTS = YES;
				CLANG_WARN_EMPTY_BODY = YES;
				CLANG_WARN_ENUM_CONVERSION = YES;
				CLANG_WARN_INFINITE_RECURSION = YES;
				CLANG_WARN_INT_CONVERSION = YES;
				CLANG_WARN_NON_LITERAL_NULL_CONVERSION = YES;
				CLANG_WARN_OBJC_IMPLICIT_RETAIN_SELF = YES;
				CLANG_WARN_OBJC_LITERAL_CONVERSION = YES;
				CLANG_WARN_OBJC_ROOT_CLASS = YES_ERROR;
				CLANG_WARN_QUOTED_INCLUDE_IN_FRAMEWORK_HEADER = YES;
				CLANG_WARN_RANGE_LOOP_ANALYSIS = YES;
				CLANG_WARN_STRICT_PROTOTYPES = YES;
				CLANG_WARN_SUSPICIOUS_MOVE = YES;
				CLANG_WARN_UNGUARDED_AVAILABILITY = YES_AGGRESSIVE;
				CLANG_WARN_UNREACHABLE_CODE = YES;
				CLANG_WARN__DUPLICATE_METHOD_MATCH = YES;
				COPY_PHASE_STRIP = NO;
				DEBUG_INFORMATION_FORMAT = "dwarf-with-dsym";
				ENABLE_NS_ASSERTIONS = NO;
				ENABLE_STRICT_OBJC_MSGSEND = YES;
				GCC_C_LANGUAGE_STANDARD = gnu11;
				GCC_NO_COMMON_BLOCKS = YES;
				GCC_WARN_64_TO_32_BIT_CONVERSION = YES;
				GCC_WARN_ABOUT_RETURN_TYPE = YES_ERROR;
				GCC_WARN_UNDECLARED_SELECTOR = YES;
				GCC_WARN_UNINITIALIZED_AUTOS = YES_AGGRESSIVE;
				GCC_WARN_UNUSED_FUNCTION = YES;
				GCC_WARN_UNUSED_VARIABLE = YES;
				IPHONEOS_DEPLOYMENT_TARGET = 16.1;
				MTL_ENABLE_DEBUG_INFO = NO;
				MTL_FAST_MATH = YES;
				SDKROOT = iphoneos;
				SWIFT_COMPILATION_MODE = wholemodule;
				SWIFT_OPTIMIZATION_LEVEL = "-O";
				VALIDATE_PRODUCT = YES;
			};
			name = Release;
		};
		493FE45A297068310078650A /* Debug */ = {
			isa = XCBuildConfiguration;
			buildSettings = {
				ASSETCATALOG_COMPILER_APPICON_NAME = AppIcon;
				ASSETCATALOG_COMPILER_GLOBAL_ACCENT_COLOR_NAME = AccentColor;
				CODE_SIGN_STYLE = Automatic;
				CURRENT_PROJECT_VERSION = 1;
				DEVELOPMENT_ASSET_PATHS = "\"TradingCard/Preview Content\"";
				DEVELOPMENT_TEAM = NH4G2X7X2G;
				ENABLE_PREVIEWS = YES;
				GENERATE_INFOPLIST_FILE = YES;
				INFOPLIST_KEY_UIApplicationSceneManifest_Generation = YES;
				INFOPLIST_KEY_UIApplicationSupportsIndirectInputEvents = YES;
				INFOPLIST_KEY_UILaunchScreen_Generation = YES;
				INFOPLIST_KEY_UISupportedInterfaceOrientations_iPad = "UIInterfaceOrientationPortrait UIInterfaceOrientationPortraitUpsideDown UIInterfaceOrientationLandscapeLeft UIInterfaceOrientationLandscapeRight";
				INFOPLIST_KEY_UISupportedInterfaceOrientations_iPhone = "UIInterfaceOrientationPortrait UIInterfaceOrientationLandscapeLeft UIInterfaceOrientationLandscapeRight";
				LD_RUNPATH_SEARCH_PATHS = (
					"$(inherited)",
					"@executable_path/Frameworks",
				);
				MARKETING_VERSION = 1.0;
				PRODUCT_BUNDLE_IDENTIFIER = davidli.ca.TradingCard;
				PRODUCT_NAME = "$(TARGET_NAME)";
				SWIFT_EMIT_LOC_STRINGS = YES;
				SWIFT_VERSION = 5.0;
				TARGETED_DEVICE_FAMILY = "1,2";
			};
			name = Debug;
		};
		493FE45B297068310078650A /* Release */ = {
			isa = XCBuildConfiguration;
			buildSettings = {
				ASSETCATALOG_COMPILER_APPICON_NAME = AppIcon;
				ASSETCATALOG_COMPILER_GLOBAL_ACCENT_COLOR_NAME = AccentColor;
				CODE_SIGN_STYLE = Automatic;
				CURRENT_PROJECT_VERSION = 1;
				DEVELOPMENT_ASSET_PATHS = "\"TradingCard/Preview Content\"";
				DEVELOPMENT_TEAM = NH4G2X7X2G;
				ENABLE_PREVIEWS = YES;
				GENERATE_INFOPLIST_FILE = YES;
				INFOPLIST_KEY_UIApplicationSceneManifest_Generation = YES;
				INFOPLIST_KEY_UIApplicationSupportsIndirectInputEvents = YES;
				INFOPLIST_KEY_UILaunchScreen_Generation = YES;
				INFOPLIST_KEY_UISupportedInterfaceOrientations_iPad = "UIInterfaceOrientationPortrait UIInterfaceOrientationPortraitUpsideDown UIInterfaceOrientationLandscapeLeft UIInterfaceOrientationLandscapeRight";
				INFOPLIST_KEY_UISupportedInterfaceOrientations_iPhone = "UIInterfaceOrientationPortrait UIInterfaceOrientationLandscapeLeft UIInterfaceOrientationLandscapeRight";
				LD_RUNPATH_SEARCH_PATHS = (
					"$(inherited)",
					"@executable_path/Frameworks",
				);
				MARKETING_VERSION = 1.0;
				PRODUCT_BUNDLE_IDENTIFIER = davidli.ca.TradingCard;
				PRODUCT_NAME = "$(TARGET_NAME)";
				SWIFT_EMIT_LOC_STRINGS = YES;
				SWIFT_VERSION = 5.0;
				TARGETED_DEVICE_FAMILY = "1,2";
			};
			name = Release;
		};
/* End XCBuildConfiguration section */

/* Begin XCConfigurationList section */
		493FE4462970682F0078650A /* Build configuration list for PBXProject "TradingCard" */ = {
			isa = XCConfigurationList;
			buildConfigurations = (
				493FE457297068310078650A /* Debug */,
				493FE458297068310078650A /* Release */,
			);
			defaultConfigurationIsVisible = 0;
			defaultConfigurationName = Release;
		};
		493FE459297068310078650A /* Build configuration list for PBXNativeTarget "TradingCard" */ = {
			isa = XCConfigurationList;
			buildConfigurations = (
				493FE45A297068310078650A /* Debug */,
				493FE45B297068310078650A /* Release */,
			);
			defaultConfigurationIsVisible = 0;
			defaultConfigurationName = Release;
		};
/* End XCConfigurationList section */
	};
	rootObject = 493FE4432970682F0078650A /* Project object */;
}
